
Microsoft Visual Studio Solution File, Format Version 12.00
# Visual Studio Version 17
VisualStudioVersion = 17.10.35122.118
MinimumVisualStudioVersion = 10.0.40219.1
Project("{2150E333-8FDC-42A3-9474-1A3956D46DE8}") = "src", "src", "{85666A16-B6A7-424D-BE4B-72238D5A1C2F}"
EndProject
Project("{2150E333-8FDC-42A3-9474-1A3956D46DE8}") = "tests", "tests", "{233C69C7-10C4-4033-B91C-6B365B806CDE}"
EndProject
Project("{E53339B2-1760-4266-BCC7-CA923CBCF16C}") = "docker-compose", "docker-compose.dcproj", "{E060CD45-A4B6-440B-BC87-6C7851127B50}"
EndProject
Project("{2150E333-8FDC-42A3-9474-1A3956D46DE8}") = "SharedKernel", "SharedKernel", "{CDF12BCF-A505-46B0-BDC3-CA918044A6C6}"
EndProject
Project("{9A19103F-16F7-4668-BE54-9A1E7A4F7556}") = "StileStream.Wms.SharedKernel.Application", "src\SharedKernel\StileStream.Wms.SharedKernel.Application\StileStream.Wms.SharedKernel.Application.csproj", "{78F41E50-0CE8-4946-8363-C9052BADF0F1}"
EndProject
Project("{9A19103F-16F7-4668-BE54-9A1E7A4F7556}") = "StileStream.Wms.SharedKernel.Domain", "src\SharedKernel\StileStream.Wms.SharedKernel.Domain\StileStream.Wms.SharedKernel.Domain.csproj", "{CD49A23D-6BE1-435C-B5D1-CD2160BF1542}"
EndProject
Project("{9A19103F-16F7-4668-BE54-9A1E7A4F7556}") = "StileStream.Wms.SharedKernel.Infrastructure.Data", "src\SharedKernel\StileStream.Wms.SharedKernel.Infrastructure.Data\StileStream.Wms.SharedKernel.Infrastructure.Data.csproj", "{11677E80-E17F-46AA-91EC-D4DD35D48E23}"
EndProject
Project("{2150E333-8FDC-42A3-9474-1A3956D46DE8}") = "Inventory", "Inventory", "{5DCC5526-8182-4DE1-AF12-68F34E20C91A}"
EndProject
Project("{9A19103F-16F7-4668-BE54-9A1E7A4F7556}") = "StileStream.Wms.Inventory.Integration.Tests", "test\Inventory\StileStream.Wms.Inventory.Integration.Tests\StileStream.Wms.Inventory.Integration.Tests.csproj", "{7974762D-BD3A-4900-B32C-B9984CAF0BBD}"
EndProject
Project("{2150E333-8FDC-42A3-9474-1A3956D46DE8}") = "APIGateway", "APIGateway", "{3761B99C-C1FD-403A-B910-D02FC34A1315}"
EndProject
Project("{9A19103F-16F7-4668-BE54-9A1E7A4F7556}") = "StileStream.Api.Gateway", "src\ApiGateway\StileStream.Api.Gateway\StileStream.Api.Gateway.csproj", "{8F5D4759-34CA-41D6-8F53-06DBD952BAE8}"
EndProject
Project("{2150E333-8FDC-42A3-9474-1A3956D46DE8}") = "Products", "Products", "{8FC781E6-EBB1-4D0E-9D37-B4708029F42D}"
EndProject
Project("{9A19103F-16F7-4668-BE54-9A1E7A4F7556}") = "StileStream.Wms.Products.FunctionApp", "src\Products\StileStream.Wms.Products.FunctionApp\StileStream.Wms.Products.FunctionApp.csproj", "{48E3F4AB-EB2A-4C17-B7AD-E714514894F7}"
EndProject
Project("{9A19103F-16F7-4668-BE54-9A1E7A4F7556}") = "StileStream.Wms.Products.Application", "src\Products\StileStream.Wms.Products.Application\StileStream.Wms.Products.Application.csproj", "{E7A5803D-D0F4-4E44-960C-2BEA3D96B081}"
EndProject
Project("{9A19103F-16F7-4668-BE54-9A1E7A4F7556}") = "StileStream.Wms.Products.Domain", "src\Products\StileStream.Wms.Products.Domain\StileStream.Wms.Products.Domain.csproj", "{2BAEC21B-8551-417D-9EF1-93DB5C891728}"
EndProject
Project("{9A19103F-16F7-4668-BE54-9A1E7A4F7556}") = "StileStream.Wms.Products.Infrastructure", "src\Products\StileStream.Wms.Products.Infrastructure\StileStream.Wms.Products.Infrastructure.csproj", "{8C053791-5473-47A8-AF1A-C8C11B9DE89E}"
EndProject
Project("{2150E333-8FDC-42A3-9474-1A3956D46DE8}") = "tools", "tools", "{F06F6CC9-86F2-4393-BC50-4C8E3F22DE08}"
EndProject
Project("{2150E333-8FDC-42A3-9474-1A3956D46DE8}") = "ApiRequests", "ApiRequests", "{4EA42E68-7F5C-41E1-A40C-17BEE67DFDBA}"
	ProjectSection(SolutionItems) = preProject
		tools\ApiRequests\ProductsApi.http = tools\ApiRequests\ProductsApi.http
	EndProjectSection
EndProject
Project("{2150E333-8FDC-42A3-9474-1A3956D46DE8}") = "Products", "Products", "{5C559BFC-7AF0-488C-AFE7-B414E19C89B2}"
EndProject
Project("{FAE04EC0-301F-11D3-BF4B-00C04F79EFBC}") = "StileStream.Wms.Products.Integration.Tests", "test\Products\StileStream.Wms.Products.Integration.Tests\StileStream.Wms.Products.Integration.Tests.csproj", "{7BE0E5C9-02F9-4690-A30A-C9990E1CCE2A}"
EndProject
Global
	GlobalSection(SolutionConfigurationPlatforms) = preSolution
		Debug|Any CPU = Debug|Any CPU
		Release|Any CPU = Release|Any CPU
	EndGlobalSection
	GlobalSection(ProjectConfigurationPlatforms) = postSolution
		{E060CD45-A4B6-440B-BC87-6C7851127B50}.Debug|Any CPU.ActiveCfg = Debug|Any CPU
		{E060CD45-A4B6-440B-BC87-6C7851127B50}.Debug|Any CPU.Build.0 = Debug|Any CPU
		{E060CD45-A4B6-440B-BC87-6C7851127B50}.Release|Any CPU.ActiveCfg = Release|Any CPU
		{E060CD45-A4B6-440B-BC87-6C7851127B50}.Release|Any CPU.Build.0 = Release|Any CPU
		{78F41E50-0CE8-4946-8363-C9052BADF0F1}.Debug|Any CPU.ActiveCfg = Debug|Any CPU
		{78F41E50-0CE8-4946-8363-C9052BADF0F1}.Debug|Any CPU.Build.0 = Debug|Any CPU
		{78F41E50-0CE8-4946-8363-C9052BADF0F1}.Release|Any CPU.ActiveCfg = Release|Any CPU
		{78F41E50-0CE8-4946-8363-C9052BADF0F1}.Release|Any CPU.Build.0 = Release|Any CPU
		{CD49A23D-6BE1-435C-B5D1-CD2160BF1542}.Debug|Any CPU.ActiveCfg = Debug|Any CPU
		{CD49A23D-6BE1-435C-B5D1-CD2160BF1542}.Debug|Any CPU.Build.0 = Debug|Any CPU
		{CD49A23D-6BE1-435C-B5D1-CD2160BF1542}.Release|Any CPU.ActiveCfg = Release|Any CPU
		{CD49A23D-6BE1-435C-B5D1-CD2160BF1542}.Release|Any CPU.Build.0 = Release|Any CPU
		{11677E80-E17F-46AA-91EC-D4DD35D48E23}.Debug|Any CPU.ActiveCfg = Debug|Any CPU
		{11677E80-E17F-46AA-91EC-D4DD35D48E23}.Debug|Any CPU.Build.0 = Debug|Any CPU
		{11677E80-E17F-46AA-91EC-D4DD35D48E23}.Release|Any CPU.ActiveCfg = Release|Any CPU
		{11677E80-E17F-46AA-91EC-D4DD35D48E23}.Release|Any CPU.Build.0 = Release|Any CPU
		{7974762D-BD3A-4900-B32C-B9984CAF0BBD}.Debug|Any CPU.ActiveCfg = Debug|Any CPU
		{7974762D-BD3A-4900-B32C-B9984CAF0BBD}.Debug|Any CPU.Build.0 = Debug|Any CPU
		{7974762D-BD3A-4900-B32C-B9984CAF0BBD}.Release|Any CPU.ActiveCfg = Release|Any CPU
		{7974762D-BD3A-4900-B32C-B9984CAF0BBD}.Release|Any CPU.Build.0 = Release|Any CPU
		{8F5D4759-34CA-41D6-8F53-06DBD952BAE8}.Debug|Any CPU.ActiveCfg = Debug|Any CPU
		{8F5D4759-34CA-41D6-8F53-06DBD952BAE8}.Debug|Any CPU.Build.0 = Debug|Any CPU
		{8F5D4759-34CA-41D6-8F53-06DBD952BAE8}.Release|Any CPU.ActiveCfg = Release|Any CPU
		{8F5D4759-34CA-41D6-8F53-06DBD952BAE8}.Release|Any CPU.Build.0 = Release|Any CPU
		{48E3F4AB-EB2A-4C17-B7AD-E714514894F7}.Debug|Any CPU.ActiveCfg = Debug|Any CPU
		{48E3F4AB-EB2A-4C17-B7AD-E714514894F7}.Debug|Any CPU.Build.0 = Debug|Any CPU
		{48E3F4AB-EB2A-4C17-B7AD-E714514894F7}.Release|Any CPU.ActiveCfg = Release|Any CPU
		{48E3F4AB-EB2A-4C17-B7AD-E714514894F7}.Release|Any CPU.Build.0 = Release|Any CPU
		{E7A5803D-D0F4-4E44-960C-2BEA3D96B081}.Debug|Any CPU.ActiveCfg = Debug|Any CPU
		{E7A5803D-D0F4-4E44-960C-2BEA3D96B081}.Debug|Any CPU.Build.0 = Debug|Any CPU
		{E7A5803D-D0F4-4E44-960C-2BEA3D96B081}.Release|Any CPU.ActiveCfg = Release|Any CPU
		{E7A5803D-D0F4-4E44-960C-2BEA3D96B081}.Release|Any CPU.Build.0 = Release|Any CPU
		{2BAEC21B-8551-417D-9EF1-93DB5C891728}.Debug|Any CPU.ActiveCfg = Debug|Any CPU
		{2BAEC21B-8551-417D-9EF1-93DB5C891728}.Debug|Any CPU.Build.0 = Debug|Any CPU
		{2BAEC21B-8551-417D-9EF1-93DB5C891728}.Release|Any CPU.ActiveCfg = Release|Any CPU
		{2BAEC21B-8551-417D-9EF1-93DB5C891728}.Release|Any CPU.Build.0 = Release|Any CPU
		{8C053791-5473-47A8-AF1A-C8C11B9DE89E}.Debug|Any CPU.ActiveCfg = Debug|Any CPU
		{8C053791-5473-47A8-AF1A-C8C11B9DE89E}.Debug|Any CPU.Build.0 = Debug|Any CPU
		{8C053791-5473-47A8-AF1A-C8C11B9DE89E}.Release|Any CPU.ActiveCfg = Release|Any CPU
		{8C053791-5473-47A8-AF1A-C8C11B9DE89E}.Release|Any CPU.Build.0 = Release|Any CPU
		{7BE0E5C9-02F9-4690-A30A-C9990E1CCE2A}.Debug|Any CPU.ActiveCfg = Debug|Any CPU
		{7BE0E5C9-02F9-4690-A30A-C9990E1CCE2A}.Debug|Any CPU.Build.0 = Debug|Any CPU
		{7BE0E5C9-02F9-4690-A30A-C9990E1CCE2A}.Release|Any CPU.ActiveCfg = Release|Any CPU
		{7BE0E5C9-02F9-4690-A30A-C9990E1CCE2A}.Release|Any CPU.Build.0 = Release|Any CPU
	EndGlobalSection
	GlobalSection(SolutionProperties) = preSolution
		HideSolutionNode = FALSE
	EndGlobalSection
	GlobalSection(NestedProjects) = preSolution
		{CDF12BCF-A505-46B0-BDC3-CA918044A6C6} = {85666A16-B6A7-424D-BE4B-72238D5A1C2F}
		{78F41E50-0CE8-4946-8363-C9052BADF0F1} = {CDF12BCF-A505-46B0-BDC3-CA918044A6C6}
		{CD49A23D-6BE1-435C-B5D1-CD2160BF1542} = {CDF12BCF-A505-46B0-BDC3-CA918044A6C6}
		{11677E80-E17F-46AA-91EC-D4DD35D48E23} = {CDF12BCF-A505-46B0-BDC3-CA918044A6C6}
		{5DCC5526-8182-4DE1-AF12-68F34E20C91A} = {233C69C7-10C4-4033-B91C-6B365B806CDE}
		{7974762D-BD3A-4900-B32C-B9984CAF0BBD} = {5DCC5526-8182-4DE1-AF12-68F34E20C91A}
		{3761B99C-C1FD-403A-B910-D02FC34A1315} = {85666A16-B6A7-424D-BE4B-72238D5A1C2F}
		{8F5D4759-34CA-41D6-8F53-06DBD952BAE8} = {3761B99C-C1FD-403A-B910-D02FC34A1315}
		{8FC781E6-EBB1-4D0E-9D37-B4708029F42D} = {85666A16-B6A7-424D-BE4B-72238D5A1C2F}
		{48E3F4AB-EB2A-4C17-B7AD-E714514894F7} = {8FC781E6-EBB1-4D0E-9D37-B4708029F42D}
		{E7A5803D-D0F4-4E44-960C-2BEA3D96B081} = {8FC781E6-EBB1-4D0E-9D37-B4708029F42D}
		{2BAEC21B-8551-417D-9EF1-93DB5C891728} = {8FC781E6-EBB1-4D0E-9D37-B4708029F42D}
		{8C053791-5473-47A8-AF1A-C8C11B9DE89E} = {8FC781E6-EBB1-4D0E-9D37-B4708029F42D}
		{4EA42E68-7F5C-41E1-A40C-17BEE67DFDBA} = {F06F6CC9-86F2-4393-BC50-4C8E3F22DE08}
		{5C559BFC-7AF0-488C-AFE7-B414E19C89B2} = {233C69C7-10C4-4033-B91C-6B365B806CDE}
		{7BE0E5C9-02F9-4690-A30A-C9990E1CCE2A} = {5C559BFC-7AF0-488C-AFE7-B414E19C89B2}
	EndGlobalSection
	GlobalSection(ExtensibilityGlobals) = postSolution
		SolutionGuid = {70AC1086-E414-44D3-9D6F-EC87B98D66D0}
	EndGlobalSection
EndGlobal
